
Microsoft Visual Studio Solution File, Format Version 12.00
# Visual Studio 15
VisualStudioVersion = 15.0.28216.51
MinimumVisualStudioVersion = 10.0.40219.1
Project("{2150E333-8FDC-42A3-9474-1A3956D46DE8}") = "src", "src", "{602045F7-A285-4C59-A37C-0CEC97D7B938}"
EndProject
Project("{2150E333-8FDC-42A3-9474-1A3956D46DE8}") = "Services", "Services", "{2BD1DABA-4E16-488D-9B16-E464D6FDED2D}"
EndProject
Project("{2150E333-8FDC-42A3-9474-1A3956D46DE8}") = "Identity", "Identity", "{7741B269-545B-4F7A-9C7A-3BD82856E3CE}"
EndProject
Project("{9A19103F-16F7-4668-BE54-9A1E7A4F7556}") = "Identity.API", "scr\Services\Identity\Identity.API\Identity.API.csproj", "{219D4414-48E7-4BDC-B7FD-9228E366A94B}"
EndProject
Project("{2150E333-8FDC-42A3-9474-1A3956D46DE8}") = "BuildingBlocks", "BuildingBlocks", "{7CEFA0AB-B254-40FA-903F-20155D3B3C14}"
EndProject
Project("{9A19103F-16F7-4668-BE54-9A1E7A4F7556}") = "WebHost.Customization", "scr\BuildingBlocks\WebHostCustomization\WebHost.Customization\WebHost.Customization.csproj", "{3CFD4DD9-5AD6-448E-8F2B-0CF2554D98CF}"
EndProject
Project("{2150E333-8FDC-42A3-9474-1A3956D46DE8}") = "WebHost", "WebHost", "{6B3D837B-52CA-4513-AE09-AB4D5D3FE6D0}"
EndProject
Project("{2150E333-8FDC-42A3-9474-1A3956D46DE8}") = "WebApps", "WebApps", "{77C38F1B-7EAB-41C2-BF27-0C45F3FE8EC5}"
EndProject
Project("{9A19103F-16F7-4668-BE54-9A1E7A4F7556}") = "WebMVC", "scr\WebApps\WebMVC\WebMVC.csproj", "{7A7242F0-471B-40DB-B3FE-29019D7A867E}"
	ProjectSection(ProjectDependencies) = postProject
		{219D4414-48E7-4BDC-B7FD-9228E366A94B} = {219D4414-48E7-4BDC-B7FD-9228E366A94B}
	EndProjectSection
EndProject
Global
	GlobalSection(SolutionConfigurationPlatforms) = preSolution
		Debug|Any CPU = Debug|Any CPU
		Release|Any CPU = Release|Any CPU
	EndGlobalSection
	GlobalSection(ProjectConfigurationPlatforms) = postSolution
		{219D4414-48E7-4BDC-B7FD-9228E366A94B}.Debug|Any CPU.ActiveCfg = Debug|Any CPU
		{219D4414-48E7-4BDC-B7FD-9228E366A94B}.Debug|Any CPU.Build.0 = Debug|Any CPU
		{219D4414-48E7-4BDC-B7FD-9228E366A94B}.Release|Any CPU.ActiveCfg = Release|Any CPU
		{219D4414-48E7-4BDC-B7FD-9228E366A94B}.Release|Any CPU.Build.0 = Release|Any CPU
		{3CFD4DD9-5AD6-448E-8F2B-0CF2554D98CF}.Debug|Any CPU.ActiveCfg = Debug|Any CPU
		{3CFD4DD9-5AD6-448E-8F2B-0CF2554D98CF}.Debug|Any CPU.Build.0 = Debug|Any CPU
		{3CFD4DD9-5AD6-448E-8F2B-0CF2554D98CF}.Release|Any CPU.ActiveCfg = Release|Any CPU
		{3CFD4DD9-5AD6-448E-8F2B-0CF2554D98CF}.Release|Any CPU.Build.0 = Release|Any CPU
		{7A7242F0-471B-40DB-B3FE-29019D7A867E}.Debug|Any CPU.ActiveCfg = Debug|Any CPU
		{7A7242F0-471B-40DB-B3FE-29019D7A867E}.Debug|Any CPU.Build.0 = Debug|Any CPU
		{7A7242F0-471B-40DB-B3FE-29019D7A867E}.Release|Any CPU.ActiveCfg = Release|Any CPU
		{7A7242F0-471B-40DB-B3FE-29019D7A867E}.Release|Any CPU.Build.0 = Release|Any CPU
	EndGlobalSection
	GlobalSection(SolutionProperties) = preSolution
		HideSolutionNode = FALSE
	EndGlobalSection
	GlobalSection(NestedProjects) = preSolution
		{2BD1DABA-4E16-488D-9B16-E464D6FDED2D} = {602045F7-A285-4C59-A37C-0CEC97D7B938}
		{7741B269-545B-4F7A-9C7A-3BD82856E3CE} = {2BD1DABA-4E16-488D-9B16-E464D6FDED2D}
		{219D4414-48E7-4BDC-B7FD-9228E366A94B} = {7741B269-545B-4F7A-9C7A-3BD82856E3CE}
		{7CEFA0AB-B254-40FA-903F-20155D3B3C14} = {602045F7-A285-4C59-A37C-0CEC97D7B938}
		{3CFD4DD9-5AD6-448E-8F2B-0CF2554D98CF} = {6B3D837B-52CA-4513-AE09-AB4D5D3FE6D0}
		{6B3D837B-52CA-4513-AE09-AB4D5D3FE6D0} = {7CEFA0AB-B254-40FA-903F-20155D3B3C14}
		{77C38F1B-7EAB-41C2-BF27-0C45F3FE8EC5} = {602045F7-A285-4C59-A37C-0CEC97D7B938}
		{7A7242F0-471B-40DB-B3FE-29019D7A867E} = {77C38F1B-7EAB-41C2-BF27-0C45F3FE8EC5}
	EndGlobalSection
EndGlobal
